
Microsoft Visual Studio Solution File, Format Version 12.00
Project("{FAE04EC0-301F-11D3-BF4B-00C04F79EFBC}") = "ZDragon.Compiler", "ZDragon.Compiler\ZDragon.Compiler.csproj", "{9AA59804-939A-434C-8B5C-2B9F722EAC31}"
EndProject
Project("{FAE04EC0-301F-11D3-BF4B-00C04F79EFBC}") = "ZDragon.Compiler.Test", "ZDragon.Compiler.Test\ZDragon.Compiler.Test.csproj", "{2AB3603C-2DB5-4885-AC50-8751E771E6E8}"
EndProject
Project("{FAE04EC0-301F-11D3-BF4B-00C04F79EFBC}") = "ZDragon.CLI", "ZDragon.CLI\ZDragon.CLI.csproj", "{A061FDCD-3D4D-4047-8C32-D55B2E85652D}"
EndProject
Project("{2150E333-8FDC-42A3-9474-1A3956D46DE8}") = "files", "files", "{C9BA05FF-4BB9-42FD-9F6C-AF0A983519C6}"
	ProjectSection(SolutionItems) = preProject
		.github\workflows\build-and-test.yml = .github\workflows\build-and-test.yml
	EndProjectSection
EndProject
Global
	GlobalSection(SolutionConfigurationPlatforms) = preSolution
		Debug|Any CPU = Debug|Any CPU
		Release|Any CPU = Release|Any CPU
	EndGlobalSection
	GlobalSection(ProjectConfigurationPlatforms) = postSolution
		{9AA59804-939A-434C-8B5C-2B9F722EAC31}.Debug|Any CPU.ActiveCfg = Debug|Any CPU
		{9AA59804-939A-434C-8B5C-2B9F722EAC31}.Debug|Any CPU.Build.0 = Debug|Any CPU
		{9AA59804-939A-434C-8B5C-2B9F722EAC31}.Release|Any CPU.ActiveCfg = Release|Any CPU
		{9AA59804-939A-434C-8B5C-2B9F722EAC31}.Release|Any CPU.Build.0 = Release|Any CPU
		{2AB3603C-2DB5-4885-AC50-8751E771E6E8}.Debug|Any CPU.ActiveCfg = Debug|Any CPU
		{2AB3603C-2DB5-4885-AC50-8751E771E6E8}.Debug|Any CPU.Build.0 = Debug|Any CPU
		{2AB3603C-2DB5-4885-AC50-8751E771E6E8}.Release|Any CPU.ActiveCfg = Release|Any CPU
		{2AB3603C-2DB5-4885-AC50-8751E771E6E8}.Release|Any CPU.Build.0 = Release|Any CPU
		{A061FDCD-3D4D-4047-8C32-D55B2E85652D}.Debug|Any CPU.ActiveCfg = Debug|Any CPU
		{A061FDCD-3D4D-4047-8C32-D55B2E85652D}.Debug|Any CPU.Build.0 = Debug|Any CPU
		{A061FDCD-3D4D-4047-8C32-D55B2E85652D}.Release|Any CPU.ActiveCfg = Release|Any CPU
		{A061FDCD-3D4D-4047-8C32-D55B2E85652D}.Release|Any CPU.Build.0 = Release|Any CPU
	EndGlobalSection
EndGlobal
